
Microsoft Visual Studio Solution File, Format Version 12.00
# Visual Studio 15
VisualStudioVersion = 15.0.26730.10
MinimumVisualStudioVersion = 10.0.40219.1
Project("{FAE04EC0-301F-11D3-BF4B-00C04F79EFBC}") = "ChallengeSimpleDarts", "ChallengeSimpleDarts\ChallengeSimpleDarts.csproj", "{A8C7A25A-608D-43DC-8070-11F060192908}"
EndProject
Project("{FAE04EC0-301F-11D3-BF4B-00C04F79EFBC}") = "Darts", "Darts\Darts.csproj", "{E861D190-724E-48A9-8A0A-C4BFCB2AABF1}"
EndProject
Global
	GlobalSection(SolutionConfigurationPlatforms) = preSolution
		Debug|Any CPU = Debug|Any CPU
		Debug|ARM = Debug|ARM
		Debug|x64 = Debug|x64
		Debug|x86 = Debug|x86
		Release|Any CPU = Release|Any CPU
		Release|ARM = Release|ARM
		Release|x64 = Release|x64
		Release|x86 = Release|x86
	EndGlobalSection
	GlobalSection(ProjectConfigurationPlatforms) = postSolution
		{A8C7A25A-608D-43DC-8070-11F060192908}.Debug|Any CPU.ActiveCfg = Debug|Any CPU
		{A8C7A25A-608D-43DC-8070-11F060192908}.Debug|Any CPU.Build.0 = Debug|Any CPU
		{A8C7A25A-608D-43DC-8070-11F060192908}.Debug|ARM.ActiveCfg = Debug|Any CPU
		{A8C7A25A-608D-43DC-8070-11F060192908}.Debug|ARM.Build.0 = Debug|Any CPU
		{A8C7A25A-608D-43DC-8070-11F060192908}.Debug|x64.ActiveCfg = Debug|Any CPU
		{A8C7A25A-608D-43DC-8070-11F060192908}.Debug|x64.Build.0 = Debug|Any CPU
		{A8C7A25A-608D-43DC-8070-11F060192908}.Debug|x86.ActiveCfg = Debug|Any CPU
		{A8C7A25A-608D-43DC-8070-11F060192908}.Debug|x86.Build.0 = Debug|Any CPU
		{A8C7A25A-608D-43DC-8070-11F060192908}.Release|Any CPU.ActiveCfg = Release|Any CPU
		{A8C7A25A-608D-43DC-8070-11F060192908}.Release|Any CPU.Build.0 = Release|Any CPU
		{A8C7A25A-608D-43DC-8070-11F060192908}.Release|ARM.ActiveCfg = Release|Any CPU
		{A8C7A25A-608D-43DC-8070-11F060192908}.Release|ARM.Build.0 = Release|Any CPU
		{A8C7A25A-608D-43DC-8070-11F060192908}.Release|x64.ActiveCfg = Release|Any CPU
		{A8C7A25A-608D-43DC-8070-11F060192908}.Release|x64.Build.0 = Release|Any CPU
		{A8C7A25A-608D-43DC-8070-11F060192908}.Release|x86.ActiveCfg = Release|Any CPU
		{A8C7A25A-608D-43DC-8070-11F060192908}.Release|x86.Build.0 = Release|Any CPU
		{E861D190-724E-48A9-8A0A-C4BFCB2AABF1}.Debug|Any CPU.ActiveCfg = Debug|Any CPU
		{E861D190-724E-48A9-8A0A-C4BFCB2AABF1}.Debug|Any CPU.Build.0 = Debug|Any CPU
		{E861D190-724E-48A9-8A0A-C4BFCB2AABF1}.Debug|ARM.ActiveCfg = Debug|Any CPU
		{E861D190-724E-48A9-8A0A-C4BFCB2AABF1}.Debug|ARM.Build.0 = Debug|Any CPU
		{E861D190-724E-48A9-8A0A-C4BFCB2AABF1}.Debug|x64.ActiveCfg = Debug|Any CPU
		{E861D190-724E-48A9-8A0A-C4BFCB2AABF1}.Debug|x64.Build.0 = Debug|Any CPU
		{E861D190-724E-48A9-8A0A-C4BFCB2AABF1}.Debug|x86.ActiveCfg = Debug|Any CPU
		{E861D190-724E-48A9-8A0A-C4BFCB2AABF1}.Debug|x86.Build.0 = Debug|Any CPU
		{E861D190-724E-48A9-8A0A-C4BFCB2AABF1}.Release|Any CPU.ActiveCfg = Release|Any CPU
		{E861D190-724E-48A9-8A0A-C4BFCB2AABF1}.Release|Any CPU.Build.0 = Release|Any CPU
		{E861D190-724E-48A9-8A0A-C4BFCB2AABF1}.Release|ARM.ActiveCfg = Release|Any CPU
		{E861D190-724E-48A9-8A0A-C4BFCB2AABF1}.Release|ARM.Build.0 = Release|Any CPU
		{E861D190-724E-48A9-8A0A-C4BFCB2AABF1}.Release|x64.ActiveCfg = Release|Any CPU
		{E861D190-724E-48A9-8A0A-C4BFCB2AABF1}.Release|x64.Build.0 = Release|Any CPU
		{E861D190-724E-48A9-8A0A-C4BFCB2AABF1}.Release|x86.ActiveCfg = Release|Any CPU
		{E861D190-724E-48A9-8A0A-C4BFCB2AABF1}.Release|x86.Build.0 = Release|Any CPU
	EndGlobalSection
	GlobalSection(SolutionProperties) = preSolution
		HideSolutionNode = FALSE
	EndGlobalSection
	GlobalSection(ExtensibilityGlobals) = postSolution
		SolutionGuid = {A2A01E0D-6617-44FB-8B67-2DE09C776029}
	EndGlobalSection
EndGlobal
